{
  "version": 4,
  "terraform_version": "1.5.5",
  "serial": 24,
  "lineage": "5be1a089-6d4b-889b-a800-68503e63c26f",
  "outputs": {},
  "resources": [
    {
      "mode": "managed",
      "type": "azurerm_linux_virtual_machine",
      "name": "petclinic_vm",
      "provider": "provider[\"registry.terraform.io/hashicorp/azurerm\"]",
      "instances": [
        {
          "schema_version": 0,
          "attributes": {
            "additional_capabilities": [],
            "admin_password": "Devoteam123!",
            "admin_ssh_key": [],
            "admin_username": "Diar",
            "allow_extension_operations": true,
            "availability_set_id": "",
            "boot_diagnostics": [],
            "computer_name": "PetclinicVM",
            "custom_data": null,
            "dedicated_host_group_id": "",
            "dedicated_host_id": "",
            "disable_password_authentication": false,
            "edge_zone": "",
            "encryption_at_host_enabled": false,
            "eviction_policy": "",
            "extensions_time_budget": "PT1H30M",
            "id": "/subscriptions/41e50375-b926-4bc4-9045-348f359cf721/resourceGroups/diar_hussein-rg/providers/Microsoft.Compute/virtualMachines/PetclinicVM",
            "identity": [],
            "license_type": "",
            "location": "westeurope",
            "max_bid_price": -1,
            "name": "PetclinicVM",
            "network_interface_ids": [
              "/subscriptions/41e50375-b926-4bc4-9045-348f359cf721/resourceGroups/diar_hussein-rg/providers/Microsoft.Network/networkInterfaces/PetclinicNIC"
            ],
            "os_disk": [
              {
                "caching": "ReadWrite",
                "diff_disk_settings": [],
                "disk_encryption_set_id": "",
                "disk_size_gb": 30,
                "name": "PetclinicVM_disk1_d4ee1bb286864fc6b136fc0650a972a2",
                "storage_account_type": "Premium_LRS",
                "write_accelerator_enabled": false
              }
            ],
            "patch_mode": "ImageDefault",
            "plan": [],
            "platform_fault_domain": -1,
            "priority": "Regular",
            "private_ip_address": "10.10.0.4",
            "private_ip_addresses": [
              "10.10.0.4"
            ],
            "provision_vm_agent": true,
            "proximity_placement_group_id": "",
            "public_ip_address": "20.71.152.46",
            "public_ip_addresses": [
              "20.71.152.46"
            ],
            "resource_group_name": "diar_hussein-rg",
            "secret": [],
            "secure_boot_enabled": false,
            "size": "Standard_DS1_v2",
            "source_image_id": "",
            "source_image_reference": [
              {
                "offer": "UbuntuServer",
                "publisher": "Canonical",
                "sku": "18.04-LTS",
                "version": "latest"
              }
            ],
            "tags": {
              "Pillar": "M Cloud",
              "Role": "Futures",
              "Usage": "Training / Certification related activities"
            },
            "termination_notification": [],
            "timeouts": null,
            "user_data": "",
            "virtual_machine_id": "f18abbbe-5e26-4eb2-975e-e754786e5f58",
            "virtual_machine_scale_set_id": "",
            "vtpm_enabled": false,
            "zone": ""
          },
          "sensitive_attributes": [],
          "private": "eyJlMmJmYjczMC1lY2FhLTExZTYtOGY4OC0zNDM2M2JjN2M0YzAiOnsiY3JlYXRlIjoyNzAwMDAwMDAwMDAwLCJkZWxldGUiOjI3MDAwMDAwMDAwMDAsInJlYWQiOjMwMDAwMDAwMDAwMCwidXBkYXRlIjoyNzAwMDAwMDAwMDAwfX0=",
          "dependencies": [
            "azurerm_network_interface.petclinic_NIC",
            "azurerm_public_ip.petclinic_public_ip",
            "azurerm_subnet.petclinic_subnet"
          ]
        }
      ]
    },
    {
      "mode": "managed",
      "type": "azurerm_network_interface",
      "name": "petclinic_NIC",
      "provider": "provider[\"registry.terraform.io/hashicorp/azurerm\"]",
      "instances": [
        {
          "schema_version": 0,
          "attributes": {
            "applied_dns_servers": [],
            "dns_servers": [],
            "edge_zone": "",
            "enable_accelerated_networking": false,
            "enable_ip_forwarding": false,
            "id": "/subscriptions/41e50375-b926-4bc4-9045-348f359cf721/resourceGroups/diar_hussein-rg/providers/Microsoft.Network/networkInterfaces/PetclinicNIC",
            "internal_dns_name_label": "",
            "internal_domain_name_suffix": "ehtpnxhxorduxa5nnocjtycikg.ax.internal.cloudapp.net",
            "ip_configuration": [
              {
                "gateway_load_balancer_frontend_ip_configuration_id": "",
                "name": "internal",
                "primary": true,
                "private_ip_address": "10.10.0.4",
                "private_ip_address_allocation": "Dynamic",
                "private_ip_address_version": "IPv4",
                "public_ip_address_id": "/subscriptions/41e50375-b926-4bc4-9045-348f359cf721/resourceGroups/diar_hussein-rg/providers/Microsoft.Network/publicIPAddresses/PetclinicPublicIP",
                "subnet_id": "/subscriptions/41e50375-b926-4bc4-9045-348f359cf721/resourceGroups/diar_hussein-rg/providers/Microsoft.Network/virtualNetworks/PetclinicVNet/subnets/PetclinicSubnet"
              }
            ],
            "location": "westeurope",
            "mac_address": "60-45-BD-89-3A-4C",
            "name": "PetclinicNIC",
            "private_ip_address": "10.10.0.4",
            "private_ip_addresses": [
              "10.10.0.4"
            ],
            "resource_group_name": "diar_hussein-rg",
            "tags": {},
            "timeouts": null,
            "virtual_machine_id": "/subscriptions/41e50375-b926-4bc4-9045-348f359cf721/resourceGroups/diar_hussein-rg/providers/Microsoft.Compute/virtualMachines/PetclinicVM"
          },
          "sensitive_attributes": [],
          "private": "eyJlMmJmYjczMC1lY2FhLTExZTYtOGY4OC0zNDM2M2JjN2M0YzAiOnsiY3JlYXRlIjoxODAwMDAwMDAwMDAwLCJkZWxldGUiOjE4MDAwMDAwMDAwMDAsInJlYWQiOjMwMDAwMDAwMDAwMCwidXBkYXRlIjoxODAwMDAwMDAwMDAwfX0=",
          "dependencies": [
            "azurerm_public_ip.petclinic_public_ip",
            "azurerm_subnet.petclinic_subnet"
          ]
        }
      ]
    },
    {
      "mode": "managed",
      "type": "azurerm_public_ip",
      "name": "petclinic_public_ip",
      "provider": "provider[\"registry.terraform.io/hashicorp/azurerm\"]",
      "instances": [
        {
          "schema_version": 0,
          "attributes": {
            "allocation_method": "Static",
            "domain_name_label": null,
            "edge_zone": "",
            "fqdn": null,
            "id": "/subscriptions/41e50375-b926-4bc4-9045-348f359cf721/resourceGroups/diar_hussein-rg/providers/Microsoft.Network/publicIPAddresses/PetclinicPublicIP",
            "idle_timeout_in_minutes": 4,
            "ip_address": "20.71.152.46",
            "ip_tags": {},
            "ip_version": "IPv4",
            "location": "westeurope",
            "name": "PetclinicPublicIP",
            "public_ip_prefix_id": null,
            "resource_group_name": "diar_hussein-rg",
            "reverse_fqdn": null,
            "sku": "Basic",
            "sku_tier": "Regional",
            "tags": {
              "Pillar": "M Cloud",
              "Role": "Futures",
              "Usage": "Training / Certification related activities"
            },
            "timeouts": null,
            "zones": []
          },
          "sensitive_attributes": [],
          "private": "eyJlMmJmYjczMC1lY2FhLTExZTYtOGY4OC0zNDM2M2JjN2M0YzAiOnsiY3JlYXRlIjoxODAwMDAwMDAwMDAwLCJkZWxldGUiOjE4MDAwMDAwMDAwMDAsInJlYWQiOjMwMDAwMDAwMDAwMCwidXBkYXRlIjoxODAwMDAwMDAwMDAwfX0="
        }
      ]
    },
    {
      "mode": "managed",
      "type": "azurerm_storage_account",
      "name": "petclinic",
      "provider": "provider[\"registry.terraform.io/hashicorp/azurerm\"]",
      "instances": [
        {
          "schema_version": 3,
          "attributes": {
            "access_tier": "Hot",
            "account_kind": "StorageV2",
            "account_replication_type": "LRS",
            "account_tier": "Standard",
            "allow_nested_items_to_be_public": true,
            "azure_files_authentication": [],
            "blob_properties": [
              {
                "change_feed_enabled": false,
                "container_delete_retention_policy": [],
                "cors_rule": [],
                "default_service_version": "",
                "delete_retention_policy": [],
                "last_access_time_enabled": false,
                "versioning_enabled": false
              }
            ],
            "custom_domain": [],
            "customer_managed_key": [],
            "edge_zone": "",
            "enable_https_traffic_only": true,
            "id": "/subscriptions/41e50375-b926-4bc4-9045-348f359cf721/resourceGroups/diar_hussein-rg/providers/Microsoft.Storage/storageAccounts/petclinicsaccount",
            "identity": [],
            "infrastructure_encryption_enabled": false,
            "is_hns_enabled": false,
            "large_file_share_enabled": null,
            "location": "westeurope",
            "min_tls_version": "TLS1_2",
            "name": "petclinicsaccount",
            "network_rules": [
              {
                "bypass": [
                  "AzureServices"
                ],
                "default_action": "Allow",
                "ip_rules": [],
                "private_link_access": [],
                "virtual_network_subnet_ids": []
              }
            ],
            "nfsv3_enabled": false,
            "primary_access_key": "kCspGQpcSpG8mvuA9f/IReBalYgTON0wVL6YC6uWVHkIuFTgOzvw2Y/k6vVKl209TuDYEsFGKPOL+AStikeT/Q==",
            "primary_blob_connection_string": "DefaultEndpointsProtocol=https;BlobEndpoint=https://petclinicsaccount.blob.core.windows.net/;AccountName=petclinicsaccount;AccountKey=kCspGQpcSpG8mvuA9f/IReBalYgTON0wVL6YC6uWVHkIuFTgOzvw2Y/k6vVKl209TuDYEsFGKPOL+AStikeT/Q==",
            "primary_blob_endpoint": "https://petclinicsaccount.blob.core.windows.net/",
            "primary_blob_host": "petclinicsaccount.blob.core.windows.net",
            "primary_connection_string": "DefaultEndpointsProtocol=https;AccountName=petclinicsaccount;AccountKey=kCspGQpcSpG8mvuA9f/IReBalYgTON0wVL6YC6uWVHkIuFTgOzvw2Y/k6vVKl209TuDYEsFGKPOL+AStikeT/Q==;EndpointSuffix=core.windows.net",
            "primary_dfs_endpoint": "https://petclinicsaccount.dfs.core.windows.net/",
            "primary_dfs_host": "petclinicsaccount.dfs.core.windows.net",
            "primary_file_endpoint": "https://petclinicsaccount.file.core.windows.net/",
            "primary_file_host": "petclinicsaccount.file.core.windows.net",
            "primary_location": "westeurope",
            "primary_queue_endpoint": "https://petclinicsaccount.queue.core.windows.net/",
            "primary_queue_host": "petclinicsaccount.queue.core.windows.net",
            "primary_table_endpoint": "https://petclinicsaccount.table.core.windows.net/",
            "primary_table_host": "petclinicsaccount.table.core.windows.net",
            "primary_web_endpoint": "https://petclinicsaccount.z6.web.core.windows.net/",
            "primary_web_host": "petclinicsaccount.z6.web.core.windows.net",
            "queue_encryption_key_type": "Service",
            "queue_properties": [
              {
                "cors_rule": [],
                "hour_metrics": [
                  {
                    "enabled": true,
                    "include_apis": true,
                    "retention_policy_days": 7,
                    "version": "1.0"
                  }
                ],
                "logging": [
                  {
                    "delete": false,
                    "read": false,
                    "retention_policy_days": 0,
                    "version": "1.0",
                    "write": false
                  }
                ],
                "minute_metrics": [
                  {
                    "enabled": false,
                    "include_apis": false,
                    "retention_policy_days": 0,
                    "version": "1.0"
                  }
                ]
              }
            ],
            "resource_group_name": "diar_hussein-rg",
            "routing": [],
            "secondary_access_key": "cJ6HUmBAM4gIATIV2wNvyhcRVsr2bdWO9dPBQCukXb6N4dApskaeqTZxKqJYjmaMu5tzMpKesa8h+AStRtaZbg==",
            "secondary_blob_connection_string": "",
            "secondary_blob_endpoint": null,
            "secondary_blob_host": null,
            "secondary_connection_string": "DefaultEndpointsProtocol=https;AccountName=petclinicsaccount;AccountKey=cJ6HUmBAM4gIATIV2wNvyhcRVsr2bdWO9dPBQCukXb6N4dApskaeqTZxKqJYjmaMu5tzMpKesa8h+AStRtaZbg==;EndpointSuffix=core.windows.net",
            "secondary_dfs_endpoint": null,
            "secondary_dfs_host": null,
            "secondary_file_endpoint": null,
            "secondary_file_host": null,
            "secondary_location": "",
            "secondary_queue_endpoint": null,
            "secondary_queue_host": null,
            "secondary_table_endpoint": null,
            "secondary_table_host": null,
            "secondary_web_endpoint": null,
            "secondary_web_host": null,
            "share_properties": [
              {
                "cors_rule": [],
                "retention_policy": [
                  {
                    "days": 7
                  }
                ],
                "smb": []
              }
            ],
            "shared_access_key_enabled": true,
            "static_website": [],
            "table_encryption_key_type": "Service",
            "tags": {
              "Pillar": "M Cloud",
              "Role": "Futures",
              "Usage": "Training / Certification related activities"
            },
            "timeouts": null
          },
          "sensitive_attributes": [],
          "private": "eyJlMmJmYjczMC1lY2FhLTExZTYtOGY4OC0zNDM2M2JjN2M0YzAiOnsiY3JlYXRlIjozNjAwMDAwMDAwMDAwLCJkZWxldGUiOjM2MDAwMDAwMDAwMDAsInJlYWQiOjMwMDAwMDAwMDAwMCwidXBkYXRlIjozNjAwMDAwMDAwMDAwfSwic2NoZW1hX3ZlcnNpb24iOiIzIn0="
        }
      ]
    },
    {
      "mode": "managed",
      "type": "azurerm_storage_container",
      "name": "petclinic",
      "provider": "provider[\"registry.terraform.io/hashicorp/azurerm\"]",
      "instances": [
        {
          "schema_version": 1,
          "attributes": {
            "container_access_type": "private",
            "has_immutability_policy": false,
            "has_legal_hold": false,
            "id": "https://petclinicsaccount.blob.core.windows.net/petclinicdevops",
            "metadata": {},
            "name": "petclinicdevops",
            "resource_manager_id": "/subscriptions/41e50375-b926-4bc4-9045-348f359cf721/resourceGroups/diar_hussein-rg/providers/Microsoft.Storage/storageAccounts/petclinicsaccount/blobServices/default/containers/petclinicdevops",
            "storage_account_name": "petclinicsaccount",
            "timeouts": null
          },
          "sensitive_attributes": [],
          "private": "eyJlMmJmYjczMC1lY2FhLTExZTYtOGY4OC0zNDM2M2JjN2M0YzAiOnsiY3JlYXRlIjoxODAwMDAwMDAwMDAwLCJkZWxldGUiOjE4MDAwMDAwMDAwMDAsInJlYWQiOjMwMDAwMDAwMDAwMCwidXBkYXRlIjoxODAwMDAwMDAwMDAwfSwic2NoZW1hX3ZlcnNpb24iOiIxIn0=",
          "dependencies": [
            "azurerm_storage_account.petclinic"
          ]
        }
      ]
    },
    {
      "mode": "managed",
      "type": "azurerm_subnet",
      "name": "petclinic_subnet",
      "provider": "provider[\"registry.terraform.io/hashicorp/azurerm\"]",
      "instances": [
        {
          "schema_version": 0,
          "attributes": {
            "address_prefixes": [
              "10.10.0.0/24"
            ],
            "delegation": [],
            "enforce_private_link_endpoint_network_policies": false,
            "enforce_private_link_service_network_policies": false,
            "id": "/subscriptions/41e50375-b926-4bc4-9045-348f359cf721/resourceGroups/diar_hussein-rg/providers/Microsoft.Network/virtualNetworks/PetclinicVNet/subnets/PetclinicSubnet",
            "name": "PetclinicSubnet",
            "resource_group_name": "diar_hussein-rg",
            "service_endpoint_policy_ids": [],
            "service_endpoints": [],
            "timeouts": null,
            "virtual_network_name": "PetclinicVNet"
          },
          "sensitive_attributes": [],
          "private": "eyJlMmJmYjczMC1lY2FhLTExZTYtOGY4OC0zNDM2M2JjN2M0YzAiOnsiY3JlYXRlIjoxODAwMDAwMDAwMDAwLCJkZWxldGUiOjE4MDAwMDAwMDAwMDAsInJlYWQiOjMwMDAwMDAwMDAwMCwidXBkYXRlIjoxODAwMDAwMDAwMDAwfX0=",
          "dependencies": [
            "azurerm_virtual_network.petclinic_vnet"
          ]
        }
      ]
    },
    {
      "mode": "managed",
      "type": "azurerm_virtual_network",
      "name": "petclinic_vnet",
      "provider": "provider[\"registry.terraform.io/hashicorp/azurerm\"]",
      "instances": [
        {
          "schema_version": 0,
          "attributes": {
            "address_space": [
              "10.10.0.0/16"
            ],
            "bgp_community": "",
            "ddos_protection_plan": [],
            "dns_servers": [],
            "edge_zone": "",
            "flow_timeout_in_minutes": 0,
            "guid": "dcf6e621-74f7-4b47-83ed-6b8499e04856",
            "id": "/subscriptions/41e50375-b926-4bc4-9045-348f359cf721/resourceGroups/diar_hussein-rg/providers/Microsoft.Network/virtualNetworks/PetclinicVNet",
            "location": "westeurope",
            "name": "PetclinicVNet",
            "resource_group_name": "diar_hussein-rg",
            "subnet": [
              {
                "address_prefix": "10.10.0.0/24",
                "id": "/subscriptions/41e50375-b926-4bc4-9045-348f359cf721/resourceGroups/diar_hussein-rg/providers/Microsoft.Network/virtualNetworks/PetclinicVNet/subnets/PetclinicSubnet",
                "name": "PetclinicSubnet",
                "security_group": ""
              }
            ],
            "tags": {
              "Pillar": "M Cloud",
              "Role": "Futures",
              "Usage": "Training / Certification related activities"
            },
            "timeouts": null
          },
          "sensitive_attributes": [],
          "private": "eyJlMmJmYjczMC1lY2FhLTExZTYtOGY4OC0zNDM2M2JjN2M0YzAiOnsiY3JlYXRlIjoxODAwMDAwMDAwMDAwLCJkZWxldGUiOjE4MDAwMDAwMDAwMDAsInJlYWQiOjMwMDAwMDAwMDAwMCwidXBkYXRlIjoxODAwMDAwMDAwMDAwfX0="
        }
      ]
    }
  ],
  "check_results": null
}
