{
  "version": 4,
  "terraform_version": "1.5.5",
  "serial": 6,
  "lineage": "9db6c681-dc2b-2a84-0a4c-94e4b4a5c072",
  "outputs": {},
  "resources": [
    {
      "mode": "managed",
      "type": "azurerm_network_interface",
      "name": "petclinic_NIC",
      "provider": "provider[\"registry.terraform.io/hashicorp/azurerm\"]",
      "instances": [
        {
          "schema_version": 0,
          "attributes": {
            "applied_dns_servers": [],
            "dns_servers": [],
            "edge_zone": "",
            "enable_accelerated_networking": false,
            "enable_ip_forwarding": false,
            "id": "/subscriptions/41e50375-b926-4bc4-9045-348f359cf721/resourceGroups/diar_hussein-rg/providers/Microsoft.Network/networkInterfaces/PetclinicNICtestVM",
            "internal_dns_name_label": "",
            "internal_domain_name_suffix": "al3kmk3s3sxuhcr31l5s25cpcc.ax.internal.cloudapp.net",
            "ip_configuration": [
              {
                "gateway_load_balancer_frontend_ip_configuration_id": "",
                "name": "internal",
                "primary": true,
                "private_ip_address": "10.10.0.4",
                "private_ip_address_allocation": "Dynamic",
                "private_ip_address_version": "IPv4",
                "public_ip_address_id": "/subscriptions/41e50375-b926-4bc4-9045-348f359cf721/resourceGroups/diar_hussein-rg/providers/Microsoft.Network/publicIPAddresses/PetclinicPublicIPtestVM",
                "subnet_id": "/subscriptions/41e50375-b926-4bc4-9045-348f359cf721/resourceGroups/diar_hussein-rg/providers/Microsoft.Network/virtualNetworks/PetclinicVNettestVM/subnets/PetclinicSubnettestVM"
              }
            ],
            "location": "westeurope",
            "mac_address": "60-45-BD-96-35-D8",
            "name": "PetclinicNICtestVM",
            "private_ip_address": "10.10.0.4",
            "private_ip_addresses": [
              "10.10.0.4"
            ],
            "resource_group_name": "diar_hussein-rg",
            "tags": {
              "Pillar": "M Cloud",
              "Role": "Futures",
              "Usage": "Training / Certification related activities"
            },
            "timeouts": {
              "create": null,
              "delete": null,
              "read": null,
              "update": null
            },
            "virtual_machine_id": "/subscriptions/41e50375-b926-4bc4-9045-348f359cf721/resourceGroups/diar_hussein-rg/providers/Microsoft.Compute/virtualMachines/PetclinicVMtestVM"
          },
          "sensitive_attributes": [],
          "private": "eyJlMmJmYjczMC1lY2FhLTExZTYtOGY4OC0zNDM2M2JjN2M0YzAiOnsiY3JlYXRlIjoxODAwMDAwMDAwMDAwLCJkZWxldGUiOjE4MDAwMDAwMDAwMDAsInJlYWQiOjMwMDAwMDAwMDAwMCwidXBkYXRlIjoxODAwMDAwMDAwMDAwfSwic2NoZW1hX3ZlcnNpb24iOiIwIn0="
        }
      ]
    },
    {
      "mode": "managed",
      "type": "azurerm_public_ip",
      "name": "petclinic_public_ip",
      "provider": "provider[\"registry.terraform.io/hashicorp/azurerm\"]",
      "instances": [
        {
          "schema_version": 0,
          "attributes": {
            "allocation_method": "Static",
            "domain_name_label": null,
            "edge_zone": "",
            "fqdn": null,
            "id": "/subscriptions/41e50375-b926-4bc4-9045-348f359cf721/resourceGroups/diar_hussein-rg/providers/Microsoft.Network/publicIPAddresses/PetclinicPublicIPtestVM",
            "idle_timeout_in_minutes": 4,
            "ip_address": "4.180.200.92",
            "ip_tags": {},
            "ip_version": "IPv4",
            "location": "westeurope",
            "name": "PetclinicPublicIPtestVM",
            "public_ip_prefix_id": null,
            "resource_group_name": "diar_hussein-rg",
            "reverse_fqdn": null,
            "sku": "Basic",
            "sku_tier": "Regional",
            "tags": {
              "Pillar": "M Cloud",
              "Role": "Futures",
              "Usage": "Training / Certification related activities"
            },
            "timeouts": {
              "create": null,
              "delete": null,
              "read": null,
              "update": null
            },
            "zones": []
          },
          "sensitive_attributes": [],
          "private": "eyJlMmJmYjczMC1lY2FhLTExZTYtOGY4OC0zNDM2M2JjN2M0YzAiOnsiY3JlYXRlIjoxODAwMDAwMDAwMDAwLCJkZWxldGUiOjE4MDAwMDAwMDAwMDAsInJlYWQiOjMwMDAwMDAwMDAwMCwidXBkYXRlIjoxODAwMDAwMDAwMDAwfSwic2NoZW1hX3ZlcnNpb24iOiIwIn0="
        }
      ]
    },
    {
      "mode": "managed",
      "type": "azurerm_storage_account",
      "name": "petclinic",
      "provider": "provider[\"registry.terraform.io/hashicorp/azurerm\"]",
      "instances": [
        {
          "schema_version": 3,
          "attributes": {
            "access_tier": "Hot",
            "account_kind": "StorageV2",
            "account_replication_type": "LRS",
            "account_tier": "Standard",
            "allow_nested_items_to_be_public": true,
            "azure_files_authentication": [],
            "blob_properties": [
              {
                "change_feed_enabled": false,
                "container_delete_retention_policy": [],
                "cors_rule": [],
                "default_service_version": "",
                "delete_retention_policy": [],
                "last_access_time_enabled": false,
                "versioning_enabled": false
              }
            ],
            "custom_domain": [],
            "customer_managed_key": [],
            "edge_zone": "",
            "enable_https_traffic_only": true,
            "id": "/subscriptions/41e50375-b926-4bc4-9045-348f359cf721/resourceGroups/diar_hussein-rg/providers/Microsoft.Storage/storageAccounts/petclinicsaccounttestvm",
            "identity": [],
            "infrastructure_encryption_enabled": false,
            "is_hns_enabled": false,
            "large_file_share_enabled": null,
            "location": "westeurope",
            "min_tls_version": "TLS1_2",
            "name": "petclinicsaccounttestvm",
            "network_rules": [
              {
                "bypass": [
                  "AzureServices"
                ],
                "default_action": "Allow",
                "ip_rules": [],
                "private_link_access": [],
                "virtual_network_subnet_ids": []
              }
            ],
            "nfsv3_enabled": false,
            "primary_access_key": "RHnr5W+LWSPzHSUo1EHnmWnNipob8Vf+huDi6I1RNgRw3BiIZCiP+ZKec12q3VeZDYGncxs8L7sH+ASt0AxtQA==",
            "primary_blob_connection_string": "DefaultEndpointsProtocol=https;BlobEndpoint=https://petclinicsaccounttestvm.blob.core.windows.net/;AccountName=petclinicsaccounttestvm;AccountKey=RHnr5W+LWSPzHSUo1EHnmWnNipob8Vf+huDi6I1RNgRw3BiIZCiP+ZKec12q3VeZDYGncxs8L7sH+ASt0AxtQA==",
            "primary_blob_endpoint": "https://petclinicsaccounttestvm.blob.core.windows.net/",
            "primary_blob_host": "petclinicsaccounttestvm.blob.core.windows.net",
            "primary_connection_string": "DefaultEndpointsProtocol=https;AccountName=petclinicsaccounttestvm;AccountKey=RHnr5W+LWSPzHSUo1EHnmWnNipob8Vf+huDi6I1RNgRw3BiIZCiP+ZKec12q3VeZDYGncxs8L7sH+ASt0AxtQA==;EndpointSuffix=core.windows.net",
            "primary_dfs_endpoint": "https://petclinicsaccounttestvm.dfs.core.windows.net/",
            "primary_dfs_host": "petclinicsaccounttestvm.dfs.core.windows.net",
            "primary_file_endpoint": "https://petclinicsaccounttestvm.file.core.windows.net/",
            "primary_file_host": "petclinicsaccounttestvm.file.core.windows.net",
            "primary_location": "westeurope",
            "primary_queue_endpoint": "https://petclinicsaccounttestvm.queue.core.windows.net/",
            "primary_queue_host": "petclinicsaccounttestvm.queue.core.windows.net",
            "primary_table_endpoint": "https://petclinicsaccounttestvm.table.core.windows.net/",
            "primary_table_host": "petclinicsaccounttestvm.table.core.windows.net",
            "primary_web_endpoint": "https://petclinicsaccounttestvm.z6.web.core.windows.net/",
            "primary_web_host": "petclinicsaccounttestvm.z6.web.core.windows.net",
            "queue_encryption_key_type": "Service",
            "queue_properties": [
              {
                "cors_rule": [],
                "hour_metrics": [
                  {
                    "enabled": true,
                    "include_apis": true,
                    "retention_policy_days": 7,
                    "version": "1.0"
                  }
                ],
                "logging": [
                  {
                    "delete": false,
                    "read": false,
                    "retention_policy_days": 0,
                    "version": "1.0",
                    "write": false
                  }
                ],
                "minute_metrics": [
                  {
                    "enabled": false,
                    "include_apis": false,
                    "retention_policy_days": 0,
                    "version": "1.0"
                  }
                ]
              }
            ],
            "resource_group_name": "diar_hussein-rg",
            "routing": [],
            "secondary_access_key": "xvCb/EdNXTOcRKGOPBwh4Nh5b8qyIujsuLRYgbSGnCbiLq0b4CzL9WLeAUTUkIvelGgad/U9rt5U+AStbUVhrA==",
            "secondary_blob_connection_string": "",
            "secondary_blob_endpoint": null,
            "secondary_blob_host": null,
            "secondary_connection_string": "DefaultEndpointsProtocol=https;AccountName=petclinicsaccounttestvm;AccountKey=xvCb/EdNXTOcRKGOPBwh4Nh5b8qyIujsuLRYgbSGnCbiLq0b4CzL9WLeAUTUkIvelGgad/U9rt5U+AStbUVhrA==;EndpointSuffix=core.windows.net",
            "secondary_dfs_endpoint": null,
            "secondary_dfs_host": null,
            "secondary_file_endpoint": null,
            "secondary_file_host": null,
            "secondary_location": "",
            "secondary_queue_endpoint": null,
            "secondary_queue_host": null,
            "secondary_table_endpoint": null,
            "secondary_table_host": null,
            "secondary_web_endpoint": null,
            "secondary_web_host": null,
            "share_properties": [
              {
                "cors_rule": [],
                "retention_policy": [
                  {
                    "days": 7
                  }
                ],
                "smb": []
              }
            ],
            "shared_access_key_enabled": true,
            "static_website": [],
            "table_encryption_key_type": "Service",
            "tags": {
              "Pillar": "M Cloud",
              "Role": "Futures",
              "Usage": "Training / Certification related activities"
            },
            "timeouts": {
              "create": null,
              "delete": null,
              "read": null,
              "update": null
            }
          },
          "sensitive_attributes": [],
          "private": "eyJlMmJmYjczMC1lY2FhLTExZTYtOGY4OC0zNDM2M2JjN2M0YzAiOnsiY3JlYXRlIjozNjAwMDAwMDAwMDAwLCJkZWxldGUiOjM2MDAwMDAwMDAwMDAsInJlYWQiOjMwMDAwMDAwMDAwMCwidXBkYXRlIjozNjAwMDAwMDAwMDAwfSwic2NoZW1hX3ZlcnNpb24iOiIzIn0="
        }
      ]
    },
    {
      "mode": "managed",
      "type": "azurerm_storage_container",
      "name": "petclinic",
      "provider": "provider[\"registry.terraform.io/hashicorp/azurerm\"]",
      "instances": [
        {
          "schema_version": 1,
          "attributes": {
            "container_access_type": "private",
            "has_immutability_policy": false,
            "has_legal_hold": false,
            "id": "https://petclinicsaccounttestvm.blob.core.windows.net/petclinicdevopstestvm",
            "metadata": {},
            "name": "petclinicdevopstestvm",
            "resource_manager_id": "/subscriptions/41e50375-b926-4bc4-9045-348f359cf721/resourceGroups/diar_hussein-rg/providers/Microsoft.Storage/storageAccounts/petclinicsaccounttestvm/blobServices/default/containers/petclinicdevopstestvm",
            "storage_account_name": "petclinicsaccounttestvm",
            "timeouts": {
              "create": null,
              "delete": null,
              "read": null,
              "update": null
            }
          },
          "sensitive_attributes": [],
          "private": "eyJlMmJmYjczMC1lY2FhLTExZTYtOGY4OC0zNDM2M2JjN2M0YzAiOnsiY3JlYXRlIjoxODAwMDAwMDAwMDAwLCJkZWxldGUiOjE4MDAwMDAwMDAwMDAsInJlYWQiOjMwMDAwMDAwMDAwMCwidXBkYXRlIjoxODAwMDAwMDAwMDAwfSwic2NoZW1hX3ZlcnNpb24iOiIxIn0="
        }
      ]
    },
    {
      "mode": "managed",
      "type": "azurerm_subnet",
      "name": "petclinic_subnet",
      "provider": "provider[\"registry.terraform.io/hashicorp/azurerm\"]",
      "instances": [
        {
          "schema_version": 0,
          "attributes": {
            "address_prefixes": [
              "10.10.0.0/24"
            ],
            "delegation": [],
            "enforce_private_link_endpoint_network_policies": false,
            "enforce_private_link_service_network_policies": false,
            "id": "/subscriptions/41e50375-b926-4bc4-9045-348f359cf721/resourceGroups/diar_hussein-rg/providers/Microsoft.Network/virtualNetworks/PetclinicVNettestVM/subnets/PetclinicSubnettestVM",
            "name": "PetclinicSubnettestVM",
            "resource_group_name": "diar_hussein-rg",
            "service_endpoint_policy_ids": [],
            "service_endpoints": [],
            "timeouts": {
              "create": null,
              "delete": null,
              "read": null,
              "update": null
            },
            "virtual_network_name": "PetclinicVNettestVM"
          },
          "sensitive_attributes": [],
          "private": "eyJlMmJmYjczMC1lY2FhLTExZTYtOGY4OC0zNDM2M2JjN2M0YzAiOnsiY3JlYXRlIjoxODAwMDAwMDAwMDAwLCJkZWxldGUiOjE4MDAwMDAwMDAwMDAsInJlYWQiOjMwMDAwMDAwMDAwMCwidXBkYXRlIjoxODAwMDAwMDAwMDAwfSwic2NoZW1hX3ZlcnNpb24iOiIwIn0="
        }
      ]
    },
    {
      "mode": "managed",
      "type": "azurerm_virtual_network",
      "name": "petclinic_vnet",
      "provider": "provider[\"registry.terraform.io/hashicorp/azurerm\"]",
      "instances": [
        {
          "schema_version": 0,
          "attributes": {
            "address_space": [
              "10.10.0.0/16"
            ],
            "bgp_community": "",
            "ddos_protection_plan": [],
            "dns_servers": [],
            "edge_zone": "",
            "flow_timeout_in_minutes": 0,
            "guid": "2ba6fa02-ecb2-43af-8a3d-daff2e7c4f12",
            "id": "/subscriptions/41e50375-b926-4bc4-9045-348f359cf721/resourceGroups/diar_hussein-rg/providers/Microsoft.Network/virtualNetworks/PetclinicVNettestVM",
            "location": "westeurope",
            "name": "PetclinicVNettestVM",
            "resource_group_name": "diar_hussein-rg",
            "subnet": [
              {
                "address_prefix": "10.10.0.0/24",
                "id": "/subscriptions/41e50375-b926-4bc4-9045-348f359cf721/resourceGroups/diar_hussein-rg/providers/Microsoft.Network/virtualNetworks/PetclinicVNettestVM/subnets/PetclinicSubnettestVM",
                "name": "PetclinicSubnettestVM",
                "security_group": ""
              }
            ],
            "tags": {
              "Pillar": "M Cloud",
              "Role": "Futures",
              "Usage": "Training / Certification related activities"
            },
            "timeouts": {
              "create": null,
              "delete": null,
              "read": null,
              "update": null
            }
          },
          "sensitive_attributes": [],
          "private": "eyJlMmJmYjczMC1lY2FhLTExZTYtOGY4OC0zNDM2M2JjN2M0YzAiOnsiY3JlYXRlIjoxODAwMDAwMDAwMDAwLCJkZWxldGUiOjE4MDAwMDAwMDAwMDAsInJlYWQiOjMwMDAwMDAwMDAwMCwidXBkYXRlIjoxODAwMDAwMDAwMDAwfSwic2NoZW1hX3ZlcnNpb24iOiIwIn0="
        }
      ]
    }
  ],
  "check_results": null
}
