{
  "version": 4,
  "terraform_version": "1.5.5",
  "serial": 8,
  "lineage": "1a8e5388-2489-e231-d2d8-87e12d0d9d76",
  "outputs": {},
  "resources": [
    {
      "mode": "managed",
      "type": "azurerm_linux_virtual_machine",
      "name": "petclinic_vm",
      "provider": "provider[\"registry.terraform.io/hashicorp/azurerm\"]",
      "instances": [
        {
          "schema_version": 0,
          "attributes": {
            "additional_capabilities": [],
            "admin_password": null,
            "admin_ssh_key": [
              {
                "public_key": "ssh-rsa AAAAB3NzaC1yc2EAAAADAQABAAACAQDLwsKGIqiLNmSwzOWtSMYcOQGB8OlH4/Y3fXetfeZ46c2pM+SvYiCgBmeNrxgH0qbdYwchIywSnkqCuSNZmGrD3lz5MX32folA5Fs1j4GBu/QeEDnaAvHXjcYMIsHgeTXj38tDwWuEj+2c5yuvNwPbrxYuKEMgifA5bc+wtNQNna0LrWJ4yGW9NcIhQSti7GvH08UKZOdRVR2J3I3EtB3rU/mO2cfVEjC68X66dU+aJH2MXGYwElk87ykioPFpnpqtqQ8qq/tgrCVw1UbfBeFWY5LswygHG8zYwI/Y97vcnepnMPyn0qc0Tcp6mXxf8G93tZfH1z1ub5laIw/ruMhLgIER1oLbXprSNZ9+GS9oe9I7gKsQiwlIs7AV3dQoz69eVuXmDtEDBhBLVLQ5wxE4eqTCpEKVFdqd5zNJRScyqdBoN4o8Oh7CAE4qjEMAMda17B8n8Z4IZ2aaVhaUbY5OQy83LEkpFz8VWzG0jYsXcIqD8no8xvujqfiEVuCNXNI1x3xX0cc2jlufDm0DE+C6FeI6b1rxywQ46g7H3VM8EU3IIp/6CSH6CXZVgwdthf3BYb27tAKTFWfq547U72293eP0Q4devfXpoXMO5rSnZUZroACrBYcgDi2js8YbYUbcwZ2zIe+xbIR+Rc/cqi8i85kKL39EoTgGGyRJ+NCXSQ== diarhussein@fedora\n",
                "username": "Diar"
              }
            ],
            "admin_username": "Diar",
            "allow_extension_operations": true,
            "availability_set_id": "",
            "boot_diagnostics": [],
            "computer_name": "PetclinicVMelkVM",
            "custom_data": null,
            "dedicated_host_group_id": "",
            "dedicated_host_id": "",
            "disable_password_authentication": true,
            "edge_zone": "",
            "encryption_at_host_enabled": false,
            "eviction_policy": "",
            "extensions_time_budget": "PT1H30M",
            "id": "/subscriptions/41e50375-b926-4bc4-9045-348f359cf721/resourceGroups/diar_hussein-rg/providers/Microsoft.Compute/virtualMachines/PetclinicVMelkVM",
            "identity": [],
            "license_type": "",
            "location": "westeurope",
            "max_bid_price": -1,
            "name": "PetclinicVMelkVM",
            "network_interface_ids": [
              "/subscriptions/41e50375-b926-4bc4-9045-348f359cf721/resourceGroups/diar_hussein-rg/providers/Microsoft.Network/networkInterfaces/PetclinicNICelkVM"
            ],
            "os_disk": [
              {
                "caching": "ReadWrite",
                "diff_disk_settings": [],
                "disk_encryption_set_id": "",
                "disk_size_gb": 30,
                "name": "PetclinicVMelkVM_OsDisk_1_d6537036629f4cdfaf202f8186ffd0d0",
                "storage_account_type": "Premium_LRS",
                "write_accelerator_enabled": false
              }
            ],
            "patch_mode": "ImageDefault",
            "plan": [],
            "platform_fault_domain": -1,
            "priority": "Regular",
            "private_ip_address": "10.10.0.4",
            "private_ip_addresses": [
              "10.10.0.4"
            ],
            "provision_vm_agent": true,
            "proximity_placement_group_id": "",
            "public_ip_address": "108.142.168.123",
            "public_ip_addresses": [
              "108.142.168.123"
            ],
            "resource_group_name": "diar_hussein-rg",
            "secret": [],
            "secure_boot_enabled": false,
            "size": "Standard_DS1_v2",
            "source_image_id": "",
            "source_image_reference": [
              {
                "offer": "0001-com-ubuntu-server-focal",
                "publisher": "Canonical",
                "sku": "20_04-lts-gen2",
                "version": "latest"
              }
            ],
            "tags": {
              "Pillar": "M Cloud",
              "Role": "Futures",
              "Usage": "Training / Certification related activities"
            },
            "termination_notification": null,
            "timeouts": null,
            "user_data": "",
            "virtual_machine_id": "0bc8f55d-ee8b-43ed-aa07-c76dbc566248",
            "virtual_machine_scale_set_id": "",
            "vtpm_enabled": false,
            "zone": ""
          },
          "sensitive_attributes": [],
          "private": "eyJlMmJmYjczMC1lY2FhLTExZTYtOGY4OC0zNDM2M2JjN2M0YzAiOnsiY3JlYXRlIjoyNzAwMDAwMDAwMDAwLCJkZWxldGUiOjI3MDAwMDAwMDAwMDAsInJlYWQiOjMwMDAwMDAwMDAwMCwidXBkYXRlIjoyNzAwMDAwMDAwMDAwfX0=",
          "dependencies": [
            "azurerm_network_interface.petclinic_NIC",
            "azurerm_public_ip.petclinic_public_ip",
            "azurerm_subnet.petclinic_subnet",
            "azurerm_virtual_network.petclinic_vnet"
          ]
        }
      ]
    },
    {
      "mode": "managed",
      "type": "azurerm_network_interface",
      "name": "petclinic_NIC",
      "provider": "provider[\"registry.terraform.io/hashicorp/azurerm\"]",
      "instances": [
        {
          "schema_version": 0,
          "attributes": {
            "applied_dns_servers": [],
            "dns_servers": [],
            "edge_zone": "",
            "enable_accelerated_networking": false,
            "enable_ip_forwarding": false,
            "id": "/subscriptions/41e50375-b926-4bc4-9045-348f359cf721/resourceGroups/diar_hussein-rg/providers/Microsoft.Network/networkInterfaces/PetclinicNICelkVM",
            "internal_dns_name_label": "",
            "internal_domain_name_suffix": "zrapky4ljasufdo2zsvhip10zf.ax.internal.cloudapp.net",
            "ip_configuration": [
              {
                "gateway_load_balancer_frontend_ip_configuration_id": "",
                "name": "internal",
                "primary": true,
                "private_ip_address": "10.10.0.4",
                "private_ip_address_allocation": "Dynamic",
                "private_ip_address_version": "IPv4",
                "public_ip_address_id": "/subscriptions/41e50375-b926-4bc4-9045-348f359cf721/resourceGroups/diar_hussein-rg/providers/Microsoft.Network/publicIPAddresses/PetclinicPublicIPelkVM",
                "subnet_id": "/subscriptions/41e50375-b926-4bc4-9045-348f359cf721/resourceGroups/diar_hussein-rg/providers/Microsoft.Network/virtualNetworks/PetclinicVNetelkVM/subnets/PetclinicSubnetelkVM"
              }
            ],
            "location": "westeurope",
            "mac_address": "",
            "name": "PetclinicNICelkVM",
            "private_ip_address": "10.10.0.4",
            "private_ip_addresses": [
              "10.10.0.4"
            ],
            "resource_group_name": "diar_hussein-rg",
            "tags": {
              "Pillar": "M Cloud",
              "Role": "Futures",
              "Usage": "Training / Certification related activities"
            },
            "timeouts": null,
            "virtual_machine_id": ""
          },
          "sensitive_attributes": [],
          "private": "eyJlMmJmYjczMC1lY2FhLTExZTYtOGY4OC0zNDM2M2JjN2M0YzAiOnsiY3JlYXRlIjoxODAwMDAwMDAwMDAwLCJkZWxldGUiOjE4MDAwMDAwMDAwMDAsInJlYWQiOjMwMDAwMDAwMDAwMCwidXBkYXRlIjoxODAwMDAwMDAwMDAwfX0=",
          "dependencies": [
            "azurerm_public_ip.petclinic_public_ip",
            "azurerm_subnet.petclinic_subnet",
            "azurerm_virtual_network.petclinic_vnet"
          ]
        }
      ]
    },
    {
      "mode": "managed",
      "type": "azurerm_public_ip",
      "name": "petclinic_public_ip",
      "provider": "provider[\"registry.terraform.io/hashicorp/azurerm\"]",
      "instances": [
        {
          "schema_version": 0,
          "attributes": {
            "allocation_method": "Static",
            "domain_name_label": null,
            "edge_zone": "",
            "fqdn": null,
            "id": "/subscriptions/41e50375-b926-4bc4-9045-348f359cf721/resourceGroups/diar_hussein-rg/providers/Microsoft.Network/publicIPAddresses/PetclinicPublicIPelkVM",
            "idle_timeout_in_minutes": 4,
            "ip_address": "108.142.168.123",
            "ip_tags": null,
            "ip_version": "IPv4",
            "location": "westeurope",
            "name": "PetclinicPublicIPelkVM",
            "public_ip_prefix_id": null,
            "resource_group_name": "diar_hussein-rg",
            "reverse_fqdn": null,
            "sku": "Basic",
            "sku_tier": "Regional",
            "tags": {
              "Pillar": "M Cloud",
              "Role": "Futures",
              "Usage": "Training / Certification related activities"
            },
            "timeouts": null,
            "zones": null
          },
          "sensitive_attributes": [],
          "private": "eyJlMmJmYjczMC1lY2FhLTExZTYtOGY4OC0zNDM2M2JjN2M0YzAiOnsiY3JlYXRlIjoxODAwMDAwMDAwMDAwLCJkZWxldGUiOjE4MDAwMDAwMDAwMDAsInJlYWQiOjMwMDAwMDAwMDAwMCwidXBkYXRlIjoxODAwMDAwMDAwMDAwfX0="
        }
      ]
    },
    {
      "mode": "managed",
      "type": "azurerm_storage_account",
      "name": "petclinic",
      "provider": "provider[\"registry.terraform.io/hashicorp/azurerm\"]",
      "instances": [
        {
          "schema_version": 3,
          "attributes": {
            "access_tier": "Hot",
            "account_kind": "StorageV2",
            "account_replication_type": "LRS",
            "account_tier": "Standard",
            "allow_nested_items_to_be_public": true,
            "azure_files_authentication": [],
            "blob_properties": [
              {
                "change_feed_enabled": false,
                "container_delete_retention_policy": [],
                "cors_rule": [],
                "default_service_version": "",
                "delete_retention_policy": [],
                "last_access_time_enabled": false,
                "versioning_enabled": false
              }
            ],
            "custom_domain": [],
            "customer_managed_key": [],
            "edge_zone": "",
            "enable_https_traffic_only": true,
            "id": "/subscriptions/41e50375-b926-4bc4-9045-348f359cf721/resourceGroups/diar_hussein-rg/providers/Microsoft.Storage/storageAccounts/petclinicsaccountelkvm",
            "identity": [],
            "infrastructure_encryption_enabled": false,
            "is_hns_enabled": false,
            "large_file_share_enabled": null,
            "location": "westeurope",
            "min_tls_version": "TLS1_2",
            "name": "petclinicsaccountelkvm",
            "network_rules": [
              {
                "bypass": [
                  "AzureServices"
                ],
                "default_action": "Allow",
                "ip_rules": [],
                "private_link_access": [],
                "virtual_network_subnet_ids": []
              }
            ],
            "nfsv3_enabled": false,
            "primary_access_key": "e/nOyKZP8o2JQfiqeNMxDrZYxZaQtDi6eo8CcsIOB0CWYZ1vucuSrZm5Lpin2/OVCI7d3X8lPkNe+ASteX6nuA==",
            "primary_blob_connection_string": "DefaultEndpointsProtocol=https;BlobEndpoint=https://petclinicsaccountelkvm.blob.core.windows.net/;AccountName=petclinicsaccountelkvm;AccountKey=e/nOyKZP8o2JQfiqeNMxDrZYxZaQtDi6eo8CcsIOB0CWYZ1vucuSrZm5Lpin2/OVCI7d3X8lPkNe+ASteX6nuA==",
            "primary_blob_endpoint": "https://petclinicsaccountelkvm.blob.core.windows.net/",
            "primary_blob_host": "petclinicsaccountelkvm.blob.core.windows.net",
            "primary_connection_string": "DefaultEndpointsProtocol=https;AccountName=petclinicsaccountelkvm;AccountKey=e/nOyKZP8o2JQfiqeNMxDrZYxZaQtDi6eo8CcsIOB0CWYZ1vucuSrZm5Lpin2/OVCI7d3X8lPkNe+ASteX6nuA==;EndpointSuffix=core.windows.net",
            "primary_dfs_endpoint": "https://petclinicsaccountelkvm.dfs.core.windows.net/",
            "primary_dfs_host": "petclinicsaccountelkvm.dfs.core.windows.net",
            "primary_file_endpoint": "https://petclinicsaccountelkvm.file.core.windows.net/",
            "primary_file_host": "petclinicsaccountelkvm.file.core.windows.net",
            "primary_location": "westeurope",
            "primary_queue_endpoint": "https://petclinicsaccountelkvm.queue.core.windows.net/",
            "primary_queue_host": "petclinicsaccountelkvm.queue.core.windows.net",
            "primary_table_endpoint": "https://petclinicsaccountelkvm.table.core.windows.net/",
            "primary_table_host": "petclinicsaccountelkvm.table.core.windows.net",
            "primary_web_endpoint": "https://petclinicsaccountelkvm.z6.web.core.windows.net/",
            "primary_web_host": "petclinicsaccountelkvm.z6.web.core.windows.net",
            "queue_encryption_key_type": "Service",
            "queue_properties": [
              {
                "cors_rule": [],
                "hour_metrics": [
                  {
                    "enabled": true,
                    "include_apis": true,
                    "retention_policy_days": 7,
                    "version": "1.0"
                  }
                ],
                "logging": [
                  {
                    "delete": false,
                    "read": false,
                    "retention_policy_days": 0,
                    "version": "1.0",
                    "write": false
                  }
                ],
                "minute_metrics": [
                  {
                    "enabled": false,
                    "include_apis": false,
                    "retention_policy_days": 0,
                    "version": "1.0"
                  }
                ]
              }
            ],
            "resource_group_name": "diar_hussein-rg",
            "routing": [],
            "secondary_access_key": "M0mThrkbxntNho9uAyojvWsHoQFm62jbQ5tiwyKomwmK0c62QPlb5udMVzljo6PsUc0dgyVHyH5/+AStgRj45A==",
            "secondary_blob_connection_string": "",
            "secondary_blob_endpoint": null,
            "secondary_blob_host": null,
            "secondary_connection_string": "DefaultEndpointsProtocol=https;AccountName=petclinicsaccountelkvm;AccountKey=M0mThrkbxntNho9uAyojvWsHoQFm62jbQ5tiwyKomwmK0c62QPlb5udMVzljo6PsUc0dgyVHyH5/+AStgRj45A==;EndpointSuffix=core.windows.net",
            "secondary_dfs_endpoint": null,
            "secondary_dfs_host": null,
            "secondary_file_endpoint": null,
            "secondary_file_host": null,
            "secondary_location": "",
            "secondary_queue_endpoint": null,
            "secondary_queue_host": null,
            "secondary_table_endpoint": null,
            "secondary_table_host": null,
            "secondary_web_endpoint": null,
            "secondary_web_host": null,
            "share_properties": [
              {
                "cors_rule": [],
                "retention_policy": [
                  {
                    "days": 7
                  }
                ],
                "smb": []
              }
            ],
            "shared_access_key_enabled": true,
            "static_website": [],
            "table_encryption_key_type": "Service",
            "tags": {
              "Pillar": "M Cloud",
              "Role": "Futures",
              "Usage": "Training / Certification related activities"
            },
            "timeouts": null
          },
          "sensitive_attributes": [],
          "private": "eyJlMmJmYjczMC1lY2FhLTExZTYtOGY4OC0zNDM2M2JjN2M0YzAiOnsiY3JlYXRlIjozNjAwMDAwMDAwMDAwLCJkZWxldGUiOjM2MDAwMDAwMDAwMDAsInJlYWQiOjMwMDAwMDAwMDAwMCwidXBkYXRlIjozNjAwMDAwMDAwMDAwfSwic2NoZW1hX3ZlcnNpb24iOiIzIn0="
        }
      ]
    },
    {
      "mode": "managed",
      "type": "azurerm_storage_container",
      "name": "petclinic",
      "provider": "provider[\"registry.terraform.io/hashicorp/azurerm\"]",
      "instances": [
        {
          "schema_version": 1,
          "attributes": {
            "container_access_type": "private",
            "has_immutability_policy": false,
            "has_legal_hold": false,
            "id": "https://petclinicsaccountelkvm.blob.core.windows.net/petclinicdevopselkvm",
            "metadata": {},
            "name": "petclinicdevopselkvm",
            "resource_manager_id": "/subscriptions/41e50375-b926-4bc4-9045-348f359cf721/resourceGroups/diar_hussein-rg/providers/Microsoft.Storage/storageAccounts/petclinicsaccountelkvm/blobServices/default/containers/petclinicdevopselkvm",
            "storage_account_name": "petclinicsaccountelkvm",
            "timeouts": null
          },
          "sensitive_attributes": [],
          "private": "eyJlMmJmYjczMC1lY2FhLTExZTYtOGY4OC0zNDM2M2JjN2M0YzAiOnsiY3JlYXRlIjoxODAwMDAwMDAwMDAwLCJkZWxldGUiOjE4MDAwMDAwMDAwMDAsInJlYWQiOjMwMDAwMDAwMDAwMCwidXBkYXRlIjoxODAwMDAwMDAwMDAwfSwic2NoZW1hX3ZlcnNpb24iOiIxIn0=",
          "dependencies": [
            "azurerm_storage_account.petclinic"
          ]
        }
      ]
    },
    {
      "mode": "managed",
      "type": "azurerm_subnet",
      "name": "petclinic_subnet",
      "provider": "provider[\"registry.terraform.io/hashicorp/azurerm\"]",
      "instances": [
        {
          "schema_version": 0,
          "attributes": {
            "address_prefixes": [
              "10.10.0.0/24"
            ],
            "delegation": [],
            "enforce_private_link_endpoint_network_policies": false,
            "enforce_private_link_service_network_policies": false,
            "id": "/subscriptions/41e50375-b926-4bc4-9045-348f359cf721/resourceGroups/diar_hussein-rg/providers/Microsoft.Network/virtualNetworks/PetclinicVNetelkVM/subnets/PetclinicSubnetelkVM",
            "name": "PetclinicSubnetelkVM",
            "resource_group_name": "diar_hussein-rg",
            "service_endpoint_policy_ids": null,
            "service_endpoints": null,
            "timeouts": null,
            "virtual_network_name": "PetclinicVNetelkVM"
          },
          "sensitive_attributes": [],
          "private": "eyJlMmJmYjczMC1lY2FhLTExZTYtOGY4OC0zNDM2M2JjN2M0YzAiOnsiY3JlYXRlIjoxODAwMDAwMDAwMDAwLCJkZWxldGUiOjE4MDAwMDAwMDAwMDAsInJlYWQiOjMwMDAwMDAwMDAwMCwidXBkYXRlIjoxODAwMDAwMDAwMDAwfX0=",
          "dependencies": [
            "azurerm_virtual_network.petclinic_vnet"
          ]
        }
      ]
    },
    {
      "mode": "managed",
      "type": "azurerm_virtual_network",
      "name": "petclinic_vnet",
      "provider": "provider[\"registry.terraform.io/hashicorp/azurerm\"]",
      "instances": [
        {
          "schema_version": 0,
          "attributes": {
            "address_space": [
              "10.10.0.0/16"
            ],
            "bgp_community": "",
            "ddos_protection_plan": [],
            "dns_servers": [],
            "edge_zone": "",
            "flow_timeout_in_minutes": 0,
            "guid": "63f540cc-48cb-4225-8ddc-ccaa743f7acd",
            "id": "/subscriptions/41e50375-b926-4bc4-9045-348f359cf721/resourceGroups/diar_hussein-rg/providers/Microsoft.Network/virtualNetworks/PetclinicVNetelkVM",
            "location": "westeurope",
            "name": "PetclinicVNetelkVM",
            "resource_group_name": "diar_hussein-rg",
            "subnet": [],
            "tags": {
              "Pillar": "M Cloud",
              "Role": "Futures",
              "Usage": "Training / Certification related activities"
            },
            "timeouts": null
          },
          "sensitive_attributes": [],
          "private": "eyJlMmJmYjczMC1lY2FhLTExZTYtOGY4OC0zNDM2M2JjN2M0YzAiOnsiY3JlYXRlIjoxODAwMDAwMDAwMDAwLCJkZWxldGUiOjE4MDAwMDAwMDAwMDAsInJlYWQiOjMwMDAwMDAwMDAwMCwidXBkYXRlIjoxODAwMDAwMDAwMDAwfX0="
        }
      ]
    }
  ],
  "check_results": null
}
